
Microsoft Visual Studio Solution File, Format Version 12.00
# Visual Studio Version 16
VisualStudioVersion = 16.0.30804.86
MinimumVisualStudioVersion = 10.0.40219.1
Project("{FAE04EC0-301F-11D3-BF4B-00C04F79EFBC}") = "homework", "homework.csproj", "{FD230D89-73E5-44C1-96D9-BEFEE461E71A}"
EndProject
Global
	GlobalSection(SolutionConfigurationPlatforms) = preSolution
		Debug|Any CPU = Debug|Any CPU
		Release|Any CPU = Release|Any CPU
	EndGlobalSection
	GlobalSection(ProjectConfigurationPlatforms) = postSolution
		{FD230D89-73E5-44C1-96D9-BEFEE461E71A}.Debug|Any CPU.ActiveCfg = Debug|Any CPU
		{FD230D89-73E5-44C1-96D9-BEFEE461E71A}.Debug|Any CPU.Build.0 = Debug|Any CPU
		{FD230D89-73E5-44C1-96D9-BEFEE461E71A}.Release|Any CPU.ActiveCfg = Release|Any CPU
		{FD230D89-73E5-44C1-96D9-BEFEE461E71A}.Release|Any CPU.Build.0 = Release|Any CPU
	EndGlobalSection
	GlobalSection(SolutionProperties) = preSolution
		HideSolutionNode = FALSE
	EndGlobalSection
	GlobalSection(ExtensibilityGlobals) = postSolution
		SolutionGuid = {3B2B3E36-53F9-4CF4-A27A-24FD70CB1E81}
	EndGlobalSection
EndGlobal
